
Microsoft Visual Studio Solution File, Format Version 12.00
# Visual Studio Version 17
VisualStudioVersion = 17.2.32602.215
MinimumVisualStudioVersion = 10.0.40219.1
Project("{FAE04EC0-301F-11D3-BF4B-00C04F79EFBC}") = "backendcore", "{50406292-981A-4488-AF34-981A96A03C4C}"
EndProject
Global
	GlobalSection(SolutionConfigurationPlatforms) = preSolution
		Debug|Any CPU = Debug|Any CPU
		Release|Any CPU = Release|Any CPU
	EndGlobalSection
	GlobalSection(ProjectConfigurationPlatforms) = postSolution
		{50406292-981A-4488-AF34-981A96A03C4C}.Debug|Any CPU.ActiveCfg = Debug|Any CPU
		{50406292-981A-4488-AF34-981A96A03C4C}.Debug|Any CPU.Build.0 = Debug|Any CPU
		{50406292-981A-4488-AF34-981A96A03C4C}.Release|Any CPU.ActiveCfg = Release|Any CPU
		{50406292-981A-4488-AF34-981A96A03C4C}.Release|Any CPU.Build.0 = Release|Any CPU
	EndGlobalSection
	GlobalSection(SolutionProperties) = preSolution
		HideSolutionNode = FALSE
	EndGlobalSection
	GlobalSection(ExtensibilityGlobals) = postSolution
		SolutionGuid = {98FE5539-C855-46A1-8D36-D324676C61F1}
	EndGlobalSection
EndGlobal
