
Microsoft Visual Studio Solution File, Format Version 12.00
# Visual Studio Version 17
VisualStudioVersion = 17.2.32602.215
MinimumVisualStudioVersion = 10.0.40219.1
Project("{FAE04EC0-301F-11D3-BF4B-00C04F79EFBC}") = "Backend.Clean.Api", "Backend.Clean.Api.csproj", "{BC177B56-3D00-4532-B030-783811EB7521}"
EndProject
Global
	GlobalSection(SolutionConfigurationPlatforms) = preSolution
		Debug|Any CPU = Debug|Any CPU
		Release|Any CPU = Release|Any CPU
	EndGlobalSection
	GlobalSection(ProjectConfigurationPlatforms) = postSolution
		{BC177B56-3D00-4532-B030-783811EB7521}.Debug|Any CPU.ActiveCfg = Debug|Any CPU
		{BC177B56-3D00-4532-B030-783811EB7521}.Debug|Any CPU.Build.0 = Debug|Any CPU
		{BC177B56-3D00-4532-B030-783811EB7521}.Release|Any CPU.ActiveCfg = Release|Any CPU
		{BC177B56-3D00-4532-B030-783811EB7521}.Release|Any CPU.Build.0 = Release|Any CPU
	EndGlobalSection
	GlobalSection(SolutionProperties) = preSolution
		HideSolutionNode = FALSE
	EndGlobalSection
	GlobalSection(ExtensibilityGlobals) = postSolution
		SolutionGuid = {47F8B3D2-D020-43C7-BC8E-C32772941C71}
	EndGlobalSection
EndGlobal
